{
  "version": 4,
  "terraform_version": "1.3.7",
  "serial": 57,
  "lineage": "9588d3e9-5c15-f038-fc0a-32ec4dd8a9b3",
  "outputs": {},
  "resources": [
    {
      "mode": "managed",
      "type": "google_container_cluster",
      "name": "primary",
      "provider": "provider[\"registry.terraform.io/hashicorp/google\"]",
      "instances": [
        {
          "schema_version": 1,
          "attributes": {
            "addons_config": [
              {
                "cloudrun_config": [],
                "config_connector_config": [],
                "dns_cache_config": [],
                "gce_persistent_disk_csi_driver_config": [
                  {
                    "enabled": true
                  }
                ],
                "gcp_filestore_csi_driver_config": [],
                "gke_backup_agent_config": [],
                "horizontal_pod_autoscaling": [],
                "http_load_balancing": [],
                "network_policy_config": [
                  {
                    "disabled": true
                  }
                ]
              }
            ],
            "authenticator_groups_config": [],
            "binary_authorization": [
              {
                "enabled": false,
                "evaluation_mode": ""
              }
            ],
            "cluster_autoscaling": [
              {
                "auto_provisioning_defaults": [],
                "enabled": false,
                "resource_limits": []
              }
            ],
            "cluster_ipv4_cidr": "10.0.0.0/14",
            "confidential_nodes": [],
            "cost_management_config": [],
            "database_encryption": [
              {
                "key_name": "",
                "state": "DECRYPTED"
              }
            ],
            "datapath_provider": "",
            "default_max_pods_per_node": null,
            "default_snat_status": [
              {
                "disabled": false
              }
            ],
            "description": "",
            "dns_config": [],
            "enable_autopilot": false,
            "enable_binary_authorization": false,
            "enable_intranode_visibility": false,
            "enable_kubernetes_alpha": false,
            "enable_l4_ilb_subsetting": false,
            "enable_legacy_abac": false,
            "enable_shielded_nodes": true,
            "enable_tpu": false,
            "endpoint": "34.28.232.85",
            "gateway_api_config": [],
            "id": "projects/tf-serving-exploration/locations/us-central1-c/clusters/sd-cluster",
            "initial_node_count": 1,
            "ip_allocation_policy": [],
            "label_fingerprint": "a9dc16a7",
            "location": "us-central1-c",
            "logging_config": [
              {
                "enable_components": [
                  "SYSTEM_COMPONENTS",
                  "WORKLOADS"
                ]
              }
            ],
            "logging_service": "logging.googleapis.com/kubernetes",
            "maintenance_policy": [],
            "master_auth": [
              {
                "client_certificate": "",
                "client_certificate_config": [
                  {
                    "issue_client_certificate": false
                  }
                ],
                "client_key": "",
                "cluster_ca_certificate": "LS0tLS1CRUdJTiBDRVJUSUZJQ0FURS0tLS0tCk1JSUVMRENDQXBTZ0F3SUJBZ0lRSzVtNzdyNGRiWklFbHdzZ0VHcUhOakFOQmdrcWhraUc5dzBCQVFzRkFEQXYKTVMwd0t3WURWUVFERXlRMFpHWmpZV1ptTXkxbU1XUTRMVFE0WWpJdE9EQmtOQzA1WW1Vd01XSmlZakJpTkRFdwpJQmNOTWpNd01qSXdNVGcxT1RBeVdoZ1BNakExTXpBeU1USXhPVFU1TURKYU1DOHhMVEFyQmdOVkJBTVRKRFJrClptTmhabVl6TFdZeFpEZ3RORGhpTWkwNE1HUTBMVGxpWlRBeFltSmlNR0kwTVRDQ0FhSXdEUVlKS29aSWh2Y04KQVFFQkJRQURnZ0dQQURDQ0FZb0NnZ0dCQU5hQ3NUamw2ZUlvcTZPaklabUVkU0RSOHIzZldzWUE5Z3ExMm9lUgptNDRrK3lLd09Bcy9sbjVsdndlUGo5M0poNHBFUVBnQ1JxRVgwNDd6VzM2VWtJYjFWQnIyMm50TDZTY2d3dTFBClVleEhBb2VWVktHeWQ3cTdoSzlvQzN0T0pOSU0vVjBGNmloNkQ0V2F2b2UrV2VPUGNKN2dzOUtmNEp6emVTYVAKSFhlTCtqU3R6NExIV1JCc3VpOWZqRC9GZ3huYzl5L3FyM0hIU3NtYzRBWmZJUzd4enBJcGNRN0MrbmdEeXlVWgpPQzhRWGJDbXZpNWZ4WlR4QmNnaGJoQ2RjSGlyNS9yYTk4eVg3VlJWdm9Ndm9iaHg3bWJQMHpNYzBvb05NZHBQCjhBWGpsdWE5K0tvVWJlSFBrakVDTGdsWTM3Z21jbkluVUZnTEZwNDVGWS9KczVyaHZYcUFUTm1PN3FuMy9uZ2sKL0V2dEFHZUd4VjExajhQLy9zS08rTXZFQ1RPYlFIY1ZTYWlPNWJkTnZOK3hIc3lNaUo5UlF0TFRla0Q2M1FjSwpiNE5hbi9ldzdtbmdWSW9MSlQ4ZDNVWTkxOEpidFAwd2NnOE84MWhvMWpFcUJMOUlrb3BoZkFyWjBvUlg5RkV3CmZ5MXE3V0Nvd2k0UFdHd001b1ZTQ2IyRVVRSURBUUFCbzBJd1FEQU9CZ05WSFE4QkFmOEVCQU1DQWdRd0R3WUQKVlIwVEFRSC9CQVV3QXdFQi96QWRCZ05WSFE0RUZnUVVubEFwMWE2N0gzRGF5SUlhMFhoc3hHd2c0TDh3RFFZSgpLb1pJaHZjTkFRRUxCUUFEZ2dHQkFLVC81bFBnRzVyMkE0VTBTUlFxTWJWT0duelVUUk5jTUNKdHJUb2dwK0NnCktSOXd6dzhGZGR1MXp1UFdvWGNCeHZBWWdDT2FvdEF6RVdZM3lFWEtCcEFqcHFQaDNhamh1SHh5RGZNRzVsZ0gKNU1YZ010WnlkTDdXRWVseVExdFhLWDYzVnB1LzUzRFp1U3pMT3ZhQ3I5aUM5anVNcG1lMkl5U0p2ajdJdWNiYwpnT3pKUDljb2VLWEh6MUhPYXQ4bUgvQldENE05UjYrMEZNa3I0YnBJd0drR24xaVVBTVI2eEEySGt0SHVaUVE0Ckp1L0ErRU41WVM2K1UrankvODlTR01VMlk4QzRHNFFON0Y0dXY0Zk0vVHI2YWN6dUpodFV1SnpVcWI2SHRwZ1cKK0U0eFNkQiszNVN5VjRTaDVvRlV3Wk95Z1RHWFpBMlIrZ3kvblVpdHI0bUNUL2k0QUNNa3RyckFXWW9zZWtzRAo5WC92bUVtWEt2Mk02TDZWbXdFS2MzYmVZVnUyNDR0TlJMMWFvYWZTdUpzRzFwN1lrRUlFK3MzQnM5dWJOY0E5CkZuZnhLSTgwaG5WWkFPbSt0ajFRSjk4SjViTTloQ1F0SXN3N1F1ODFpUEh4dmR4QmN0aWxOT2xTMGZZbzdkd2YKdi9WZXZjVDU1VlRQKzNrVlh4UFE0Zz09Ci0tLS0tRU5EIENFUlRJRklDQVRFLS0tLS0K"
              }
            ],
            "master_authorized_networks_config": [],
            "master_version": "1.24.9-gke.2000",
            "mesh_certificates": [],
            "min_master_version": null,
            "monitoring_config": [
              {
                "enable_components": [
                  "SYSTEM_COMPONENTS"
                ],
                "managed_prometheus": []
              }
            ],
            "monitoring_service": "monitoring.googleapis.com/kubernetes",
            "name": "sd-cluster",
            "network": "projects/tf-serving-exploration/global/networks/default",
            "network_policy": [
              {
                "enabled": false,
                "provider": "PROVIDER_UNSPECIFIED"
              }
            ],
            "networking_mode": "ROUTES",
            "node_config": [
              {
                "boot_disk_kms_key": "",
                "disk_size_gb": 100,
                "disk_type": "pd-balanced",
                "gcfs_config": [],
                "guest_accelerator": [],
                "gvnic": [],
                "image_type": "COS_CONTAINERD",
                "kubelet_config": [],
                "labels": {},
                "linux_node_config": [],
                "local_ssd_count": 0,
                "logging_variant": "DEFAULT",
                "machine_type": "n2-standard-4",
                "metadata": {
                  "disable-legacy-endpoints": "true"
                },
                "min_cpu_platform": "",
                "node_group": "",
                "oauth_scopes": [
                  "https://www.googleapis.com/auth/cloud-platform",
                  "https://www.googleapis.com/auth/devstorage.read_only"
                ],
                "preemptible": true,
                "reservation_affinity": [],
                "resource_labels": {},
                "service_account": "gke-admin@tf-serving-exploration.iam.gserviceaccount.com",
                "shielded_instance_config": [
                  {
                    "enable_integrity_monitoring": true,
                    "enable_secure_boot": false
                  }
                ],
                "spot": false,
                "tags": [],
                "taint": [],
                "workload_metadata_config": []
              }
            ],
            "node_locations": [],
            "node_pool": [
              {
                "autoscaling": [
                  {
                    "location_policy": "ANY",
                    "max_node_count": 2,
                    "min_node_count": 1,
                    "total_max_node_count": 0,
                    "total_min_node_count": 0
                  }
                ],
                "initial_node_count": 1,
                "instance_group_urls": [
                  "https://www.googleapis.com/compute/v1/projects/tf-serving-exploration/zones/us-central1-c/instanceGroupManagers/gke-sd-cluster-sd-node-pool-0ee1640e-grp"
                ],
                "managed_instance_group_urls": [
                  "https://www.googleapis.com/compute/v1/projects/tf-serving-exploration/zones/us-central1-c/instanceGroups/gke-sd-cluster-sd-node-pool-0ee1640e-grp"
                ],
                "management": [
                  {
                    "auto_repair": true,
                    "auto_upgrade": true
                  }
                ],
                "max_pods_per_node": 0,
                "name": "sd-node-pool",
                "name_prefix": "",
                "network_config": [
                  {
                    "create_pod_range": false,
                    "enable_private_nodes": false,
                    "pod_ipv4_cidr_block": "",
                    "pod_range": ""
                  }
                ],
                "node_config": [
                  {
                    "boot_disk_kms_key": "",
                    "disk_size_gb": 100,
                    "disk_type": "pd-balanced",
                    "gcfs_config": [],
                    "guest_accelerator": [],
                    "gvnic": [],
                    "image_type": "COS_CONTAINERD",
                    "kubelet_config": [],
                    "labels": {},
                    "linux_node_config": [],
                    "local_ssd_count": 0,
                    "logging_variant": "DEFAULT",
                    "machine_type": "n2-standard-4",
                    "metadata": {
                      "disable-legacy-endpoints": "true"
                    },
                    "min_cpu_platform": "",
                    "node_group": "",
                    "oauth_scopes": [
                      "https://www.googleapis.com/auth/cloud-platform",
                      "https://www.googleapis.com/auth/devstorage.read_only"
                    ],
                    "preemptible": true,
                    "reservation_affinity": [],
                    "resource_labels": {},
                    "service_account": "gke-admin@tf-serving-exploration.iam.gserviceaccount.com",
                    "shielded_instance_config": [
                      {
                        "enable_integrity_monitoring": true,
                        "enable_secure_boot": false
                      }
                    ],
                    "spot": false,
                    "tags": [],
                    "taint": [],
                    "workload_metadata_config": []
                  }
                ],
                "node_count": 1,
                "node_locations": [
                  "us-central1-c"
                ],
                "placement_policy": [],
                "upgrade_settings": [
                  {
                    "blue_green_settings": [],
                    "max_surge": 1,
                    "max_unavailable": 0,
                    "strategy": "SURGE"
                  }
                ],
                "version": "1.24.9-gke.2000"
              }
            ],
            "node_pool_defaults": [
              {
                "node_config_defaults": [
                  {
                    "logging_variant": "DEFAULT"
                  }
                ]
              }
            ],
            "node_version": "1.24.9-gke.2000",
            "notification_config": [
              {
                "pubsub": [
                  {
                    "enabled": false,
                    "filter": [],
                    "topic": ""
                  }
                ]
              }
            ],
            "operation": null,
            "private_cluster_config": [
              {
                "enable_private_endpoint": false,
                "enable_private_nodes": false,
                "master_global_access_config": [
                  {
                    "enabled": false
                  }
                ],
                "master_ipv4_cidr_block": "",
                "peering_name": "",
                "private_endpoint": "10.128.0.37",
                "private_endpoint_subnetwork": "",
                "public_endpoint": "34.28.232.85"
              }
            ],
            "private_ipv6_google_access": "",
            "project": "tf-serving-exploration",
            "release_channel": [
              {
                "channel": "REGULAR"
              }
            ],
            "remove_default_node_pool": true,
            "resource_labels": {},
            "resource_usage_export_config": [],
            "self_link": "https://container.googleapis.com/v1/projects/tf-serving-exploration/zones/us-central1-c/clusters/sd-cluster",
            "service_external_ips_config": [
              {
                "enabled": false
              }
            ],
            "services_ipv4_cidr": "10.3.240.0/20",
            "subnetwork": "projects/tf-serving-exploration/regions/us-central1/subnetworks/default",
            "timeouts": null,
            "tpu_ipv4_cidr_block": "",
            "vertical_pod_autoscaling": [],
            "workload_identity_config": []
          },
          "sensitive_attributes": [],
          "private": "eyJlMmJmYjczMC1lY2FhLTExZTYtOGY4OC0zNDM2M2JjN2M0YzAiOnsiY3JlYXRlIjoyNDAwMDAwMDAwMDAwLCJkZWxldGUiOjI0MDAwMDAwMDAwMDAsInJlYWQiOjI0MDAwMDAwMDAwMDAsInVwZGF0ZSI6MzYwMDAwMDAwMDAwMH0sInNjaGVtYV92ZXJzaW9uIjoiMSJ9"
        }
      ]
    },
    {
      "mode": "managed",
      "type": "google_container_node_pool",
      "name": "primary_preemptible_nodes",
      "provider": "provider[\"registry.terraform.io/hashicorp/google\"]",
      "instances": [
        {
          "schema_version": 1,
          "attributes": {
            "autoscaling": [
              {
                "location_policy": "ANY",
                "max_node_count": 2,
                "min_node_count": 1,
                "total_max_node_count": 0,
                "total_min_node_count": 0
              }
            ],
            "cluster": "sd-cluster",
            "id": "projects/tf-serving-exploration/locations/us-central1-c/clusters/sd-cluster/nodePools/sd-node-pool",
            "initial_node_count": 1,
            "instance_group_urls": [
              "https://www.googleapis.com/compute/v1/projects/tf-serving-exploration/zones/us-central1-c/instanceGroupManagers/gke-sd-cluster-sd-node-pool-0ee1640e-grp"
            ],
            "location": "us-central1-c",
            "managed_instance_group_urls": [
              "https://www.googleapis.com/compute/v1/projects/tf-serving-exploration/zones/us-central1-c/instanceGroups/gke-sd-cluster-sd-node-pool-0ee1640e-grp"
            ],
            "management": [
              {
                "auto_repair": true,
                "auto_upgrade": true
              }
            ],
            "max_pods_per_node": null,
            "name": "sd-node-pool",
            "name_prefix": "",
            "network_config": [
              {
                "create_pod_range": false,
                "enable_private_nodes": false,
                "pod_ipv4_cidr_block": "",
                "pod_range": ""
              }
            ],
            "node_config": [
              {
                "boot_disk_kms_key": "",
                "disk_size_gb": 100,
                "disk_type": "pd-balanced",
                "gcfs_config": [],
                "guest_accelerator": [],
                "gvnic": [],
                "image_type": "COS_CONTAINERD",
                "kubelet_config": [],
                "labels": {},
                "linux_node_config": [],
                "local_ssd_count": 0,
                "logging_variant": "DEFAULT",
                "machine_type": "n2-standard-4",
                "metadata": {
                  "disable-legacy-endpoints": "true"
                },
                "min_cpu_platform": "",
                "node_group": "",
                "oauth_scopes": [
                  "https://www.googleapis.com/auth/cloud-platform",
                  "https://www.googleapis.com/auth/devstorage.read_only"
                ],
                "preemptible": true,
                "reservation_affinity": [],
                "resource_labels": {},
                "service_account": "gke-admin@tf-serving-exploration.iam.gserviceaccount.com",
                "shielded_instance_config": [
                  {
                    "enable_integrity_monitoring": true,
                    "enable_secure_boot": false
                  }
                ],
                "spot": false,
                "tags": [],
                "taint": [],
                "workload_metadata_config": []
              }
            ],
            "node_count": 1,
            "node_locations": [
              "us-central1-c"
            ],
            "operation": null,
            "placement_policy": [],
            "project": "tf-serving-exploration",
            "timeouts": null,
            "upgrade_settings": [
              {
                "blue_green_settings": [],
                "max_surge": 1,
                "max_unavailable": 0,
                "strategy": "SURGE"
              }
            ],
            "version": "1.24.9-gke.2000"
          },
          "sensitive_attributes": [],
          "private": "eyJlMmJmYjczMC1lY2FhLTExZTYtOGY4OC0zNDM2M2JjN2M0YzAiOnsiY3JlYXRlIjoxODAwMDAwMDAwMDAwLCJkZWxldGUiOjE4MDAwMDAwMDAwMDAsInVwZGF0ZSI6MTgwMDAwMDAwMDAwMH0sInNjaGVtYV92ZXJzaW9uIjoiMSJ9",
          "dependencies": [
            "google_container_cluster.primary"
          ]
        }
      ]
    }
  ],
  "check_results": null
}
